
Microsoft Visual Studio Solution File, Format Version 12.00
# Visual Studio Version 17
VisualStudioVersion = 17.0.31903.59
MinimumVisualStudioVersion = 10.0.40219.1
Project("{FAE04EC0-301F-11D3-BF4B-00C04F79EFBC}") = "Example.CSharp.Http.WebApi", "WebApi\Example.CSharp.Http.WebApi.csproj", "{9F3C041E-C7EA-4E89-A230-F9951036A2D1}"
EndProject
Project("{FAE04EC0-301F-11D3-BF4B-00C04F79EFBC}") = "Example.CSharp.Http.WebApi.Tests", "WebApi.Tests\Example.CSharp.Http.WebApi.Tests.csproj", "{A4091324-BE86-4A9C-A598-82FC81D15811}"
EndProject
Global
	GlobalSection(SolutionConfigurationPlatforms) = preSolution
		Debug|Any CPU = Debug|Any CPU
		Release|Any CPU = Release|Any CPU
	EndGlobalSection
	GlobalSection(SolutionProperties) = preSolution
		HideSolutionNode = FALSE
	EndGlobalSection
	GlobalSection(ProjectConfigurationPlatforms) = postSolution
		{9F3C041E-C7EA-4E89-A230-F9951036A2D1}.Debug|Any CPU.ActiveCfg = Debug|Any CPU
		{9F3C041E-C7EA-4E89-A230-F9951036A2D1}.Debug|Any CPU.Build.0 = Debug|Any CPU
		{9F3C041E-C7EA-4E89-A230-F9951036A2D1}.Release|Any CPU.ActiveCfg = Release|Any CPU
		{9F3C041E-C7EA-4E89-A230-F9951036A2D1}.Release|Any CPU.Build.0 = Release|Any CPU
		{A4091324-BE86-4A9C-A598-82FC81D15811}.Debug|Any CPU.ActiveCfg = Debug|Any CPU
		{A4091324-BE86-4A9C-A598-82FC81D15811}.Debug|Any CPU.Build.0 = Debug|Any CPU
		{A4091324-BE86-4A9C-A598-82FC81D15811}.Release|Any CPU.ActiveCfg = Release|Any CPU
		{A4091324-BE86-4A9C-A598-82FC81D15811}.Release|Any CPU.Build.0 = Release|Any CPU
	EndGlobalSection
EndGlobal
